<?xml version="1.0" encoding="utf-8"?>
<Project ToolsVersion="4.0" xmlns="http://schemas.microsoft.com/developer/msbuild/2003">
  <ItemGroup>
    <Filter Include="Source Files">
      <UniqueIdentifier>{4FC737F1-C7A5-4376-A066-2A32D752A2FF}</UniqueIdentifier>
      <Extensions>cpp;c;cc;cxx;def;odl;idl;hpj;bat;asm;asmx</Extensions>
    </Filter>
    <Filter Include="Header Files">
      <UniqueIdentifier>{93995380-89BD-4b04-88EB-625FBE52EBFB}</UniqueIdentifier>
      <Extensions>h;hh;hpp;hxx;hm;inl;inc;xsd</Extensions>
    </Filter>
    <Filter Include="Resource Files">
      <UniqueIdentifier>{67DA6AB6-F800-4c08-8B7A-83BB121AAD01}</UniqueIdentifier>
      <Extensions>qrc;rc;ico;cur;bmp;dlg;rc2;rct;bin;rgs;gif;jpg;jpeg;jpe;resx;tiff;tif;png;wav;mfcribbon-ms</Extensions>
    </Filter>
    <Filter Include="Form Files">
      <UniqueIdentifier>{99349809-55BA-4b9d-BF79-8FDBB0286EB3}</UniqueIdentifier>
      <Extensions>ui</Extensions>
    </Filter>
    <Filter Include="Translation Files">
      <UniqueIdentifier>{639EADAA-A684-42e4-A9AD-28FC9BCB8F7C}</UniqueIdentifier>
      <Extensions>ts</Extensions>
    </Filter>
    <Filter Include="Header Files\capture_ui">
      <UniqueIdentifier>{78f7ceaa-6fa9-4cf1-92ac-4d4806a00e9b}</UniqueIdentifier>
    </Filter>
    <Filter Include="Source Files\capture_ui">
      <UniqueIdentifier>{4b25c976-992b-4049-b991-09ff7d3ba450}</UniqueIdentifier>
    </Filter>
    <Filter Include="Source Files\capture">
      <UniqueIdentifier>{a291d069-e7bd-4013-94a2-eda5d7d7314f}</UniqueIdentifier>
    </Filter>
    <Filter Include="Header Files\capture">
      <UniqueIdentifier>{ce0d45e2-5863-4840-a8cc-884f129a9a7f}</UniqueIdentifier>
    </Filter>
    <Filter Include="Header Files\test">
      <UniqueIdentifier>{9f499035-fdc0-4935-86ea-8c1cb66892f7}</UniqueIdentifier>
    </Filter>
    <Filter Include="Header Files\tools">
      <UniqueIdentifier>{7357e2c6-2555-415a-b7da-dcb9fb2d4adf}</UniqueIdentifier>
    </Filter>
    <Filter Include="Source Files\test">
      <UniqueIdentifier>{1678ab9c-7730-455a-bece-6185db107d06}</UniqueIdentifier>
    </Filter>
    <Filter Include="Source Files\tools">
      <UniqueIdentifier>{8b8f1b73-878f-4b9b-bc74-c36df0f127db}</UniqueIdentifier>
    </Filter>
    <Filter Include="Header Files\move_item_test">
      <UniqueIdentifier>{8076ffc3-fa90-4d97-8b05-56bb21a6d2b7}</UniqueIdentifier>
    </Filter>
    <Filter Include="Source Files\move_item_test">
      <UniqueIdentifier>{cd49f979-859a-42e8-8996-5958fdecdd7b}</UniqueIdentifier>
    </Filter>
    <Filter Include="Header Files\canvas">
      <UniqueIdentifier>{02063d67-9a6b-49cc-af04-96a2a373d851}</UniqueIdentifier>
    </Filter>
    <Filter Include="Source Files\canvas">
      <UniqueIdentifier>{e297a00a-0a24-48b2-ae20-c6488652374d}</UniqueIdentifier>
    </Filter>
  </ItemGroup>
  <ItemGroup>
    <QtRcc Include="GraphicsDisplayWidget.qrc">
      <Filter>Resource Files</Filter>
    </QtRcc>
    <QtUic Include="GraphicsDisplayWidget.ui">
      <Filter>Form Files</Filter>
    </QtUic>
    <QtMoc Include="GraphicsDisplayWidget.h">
      <Filter>Header Files</Filter>
    </QtMoc>
    <ClCompile Include="GraphicsDisplayWidget.cpp">
      <Filter>Source Files</Filter>
    </ClCompile>
  </ItemGroup>
  <ItemGroup>
    <ClCompile Include="main.cpp">
      <Filter>Source Files</Filter>
    </ClCompile>
    <ClCompile Include="capture_widget.cpp">
      <Filter>Source Files\capture_ui</Filter>
    </ClCompile>
    <ClCompile Include="capture_view.cpp">
      <Filter>Source Files\capture_ui</Filter>
    </ClCompile>
    <ClCompile Include="ResizeableWidget.cpp">
      <Filter>Source Files\capture_ui</Filter>
    </ClCompile>
    <ClCompile Include="capture_thread.cpp">
      <Filter>Source Files\capture</Filter>
    </ClCompile>
    <ClCompile Include="capturer.cpp">
      <Filter>Source Files\capture</Filter>
    </ClCompile>
    <ClCompile Include="ResizeableTopWidget.cpp">
      <Filter>Source Files\test</Filter>
    </ClCompile>
    <ClCompile Include="SelectionWidget.cpp">
      <Filter>Source Files\test</Filter>
    </ClCompile>
    <ClCompile Include="ImageDisplayItem.cpp">
      <Filter>Source Files\test</Filter>
    </ClCompile>
    <ClCompile Include="XThread.cpp">
      <Filter>Source Files\tools</Filter>
    </ClCompile>
    <ClCompile Include="XTools.cpp">
      <Filter>Source Files\tools</Filter>
    </ClCompile>
    <ClCompile Include="test_main.cpp">
      <Filter>Source Files\test</Filter>
    </ClCompile>
    <ClCompile Include="capture_item.cpp">
      <Filter>Source Files\capture_ui</Filter>
    </ClCompile>
    <ClCompile Include="MoveItem.cpp">
      <Filter>Source Files\move_item_test</Filter>
    </ClCompile>
    <ClCompile Include="MovableCircle.cpp">
      <Filter>Source Files\move_item_test</Filter>
    </ClCompile>
    <ClCompile Include="my_proxy_widget.cpp">
      <Filter>Source Files\test</Filter>
    </ClCompile>
    <ClCompile Include="canvas_scene.cpp">
      <Filter>Source Files\canvas</Filter>
    </ClCompile>
    <ClCompile Include="canvas_widget.cpp">
      <Filter>Source Files\canvas</Filter>
    </ClCompile>
    <ClCompile Include="canvas_view.cpp">
      <Filter>Source Files\canvas</Filter>
    </ClCompile>
    <ClCompile Include="dot_handle.cpp">
      <Filter>Source Files\canvas</Filter>
    </ClCompile>
    <ClCompile Include="canvas_item.cpp">
      <Filter>Source Files\canvas</Filter>
    </ClCompile>
    <ClCompile Include="vec2d.cpp">
      <Filter>Source Files\canvas</Filter>
    </ClCompile>
    <ClCompile Include="canvas_item_group.cpp">
      <Filter>Source Files\canvas</Filter>
    </ClCompile>
    <ClCompile Include="canvas_background_item.cpp">
      <Filter>Source Files\canvas</Filter>
    </ClCompile>
  </ItemGroup>
  <ItemGroup>
    <ClInclude Include="capture_view.h">
      <Filter>Header Files\capture_ui</Filter>
    </ClInclude>
    <ClInclude Include="capture_widget.h">
      <Filter>Header Files\capture_ui</Filter>
    </ClInclude>
    <ClInclude Include="capture_thread.h">
      <Filter>Header Files\capture</Filter>
    </ClInclude>
    <ClInclude Include="capturer.h">
      <Filter>Header Files\capture</Filter>
    </ClInclude>
    <ClInclude Include="XThread.h">
      <Filter>Header Files\tools</Filter>
    </ClInclude>
    <ClInclude Include="ImageDisplayItem.h">
      <Filter>Header Files\test</Filter>
    </ClInclude>
    <ClInclude Include="XTools.h">
      <Filter>Header Files\tools</Filter>
    </ClInclude>
    <ClInclude Include="MovableCircle.h">
      <Filter>Header Files\move_item_test</Filter>
    </ClInclude>
    <ClInclude Include="MoveItem.h">
      <Filter>Header Files\move_item_test</Filter>
    </ClInclude>
    <ClInclude Include="my_proxy_widget.h">
      <Filter>Header Files\move_item_test</Filter>
    </ClInclude>
    <ClInclude Include="vec2d.h">
      <Filter>Header Files\canvas</Filter>
    </ClInclude>
    <ClInclude Include="canvas_header.h">
      <Filter>Header Files\canvas</Filter>
    </ClInclude>
  </ItemGroup>
  <ItemGroup>
    <QtMoc Include="ResizeableWidget.h">
      <Filter>Header Files\capture_ui</Filter>
    </QtMoc>
    <QtMoc Include="ResizeableTopWidget.h">
      <Filter>Header Files\test</Filter>
    </QtMoc>
    <QtMoc Include="SelectionWidget.h">
      <Filter>Header Files\test</Filter>
    </QtMoc>
    <QtMoc Include="capture_item.h">
      <Filter>Header Files\capture_ui</Filter>
    </QtMoc>
    <QtMoc Include="canvas_widget.h">
      <Filter>Header Files\canvas</Filter>
    </QtMoc>
    <QtMoc Include="canvas_view.h">
      <Filter>Header Files\canvas</Filter>
    </QtMoc>
    <QtMoc Include="dot_handler.h">
      <Filter>Header Files\canvas</Filter>
    </QtMoc>
    <QtMoc Include="canvas_item.h">
      <Filter>Header Files\canvas</Filter>
    </QtMoc>
    <QtMoc Include="canvas_item_group.h">
      <Filter>Header Files\canvas</Filter>
    </QtMoc>
    <QtMoc Include="canvas_background_item.h">
      <Filter>Header Files\canvas</Filter>
    </QtMoc>
    <QtMoc Include="canvas_scene.h">
      <Filter>Header Files\canvas</Filter>
    </QtMoc>
  </ItemGroup>
</Project>